
Microsoft Visual Studio Solution File, Format Version 12.00
# Visual Studio Version 16
VisualStudioVersion = 16.0.31402.337
MinimumVisualStudioVersion = 10.0.40219.1
Project("{FAE04EC0-301F-11D3-BF4B-00C04F79EFBC}") = "Zoo", "Zoo\Zoo.csproj", "{36487FD3-22E2-4F4F-B6B9-7BE072BB4E43}"
EndProject
Global
	GlobalSection(SolutionConfigurationPlatforms) = preSolution
		Debug|Any CPU = Debug|Any CPU
		Release|Any CPU = Release|Any CPU
	EndGlobalSection
	GlobalSection(ProjectConfigurationPlatforms) = postSolution
		{36487FD3-22E2-4F4F-B6B9-7BE072BB4E43}.Debug|Any CPU.ActiveCfg = Debug|Any CPU
		{36487FD3-22E2-4F4F-B6B9-7BE072BB4E43}.Debug|Any CPU.Build.0 = Debug|Any CPU
		{36487FD3-22E2-4F4F-B6B9-7BE072BB4E43}.Release|Any CPU.ActiveCfg = Release|Any CPU
		{36487FD3-22E2-4F4F-B6B9-7BE072BB4E43}.Release|Any CPU.Build.0 = Release|Any CPU
	EndGlobalSection
	GlobalSection(SolutionProperties) = preSolution
		HideSolutionNode = FALSE
	EndGlobalSection
	GlobalSection(ExtensibilityGlobals) = postSolution
		SolutionGuid = {56F9E783-C40E-47C3-A026-BAD86F868097}
	EndGlobalSection
EndGlobal
